// !$*UTF8*$!
{
	archiveVersion = 1;
	classes = {
	};
	objectVersion = 46;
	objects = {

/* Begin PBXBuildFile section */
		84AA17351ED1F49200715D85 /* PDBBonusCreatorVC.swift in Sources */ = {isa = PBXBuildFile; fileRef = 84AA17341ED1F49200715D85 /* PDBBonusCreatorVC.swift */; };
		84AA17381ED1FDE700715D85 /* AdditionalSettings.storyboard in Resources */ = {isa = PBXBuildFile; fileRef = 84AA17371ED1FDE700715D85 /* AdditionalSettings.storyboard */; };
		84AA173A1ED201DD00715D85 /* PDBAdditionalSettingsVC.swift in Sources */ = {isa = PBXBuildFile; fileRef = 84AA17391ED201DD00715D85 /* PDBAdditionalSettingsVC.swift */; };
		84AA173C1ED2089E00715D85 /* PDBSizesVC.swift in Sources */ = {isa = PBXBuildFile; fileRef = 84AA173B1ED2089E00715D85 /* PDBSizesVC.swift */; };
		84AA173F1ED20AAE00715D85 /* Size.swift in Sources */ = {isa = PBXBuildFile; fileRef = 84AA173D1ED20AAE00715D85 /* Size.swift */; };
		84AA17421ED213D700715D85 /* PDBCreateSizeVC.swift in Sources */ = {isa = PBXBuildFile; fileRef = 84AA17411ED213D700715D85 /* PDBCreateSizeVC.swift */; };
		84AA17441ED2339A00715D85 /* PDBAreaListVC.swift in Sources */ = {isa = PBXBuildFile; fileRef = 84AA17431ED2339A00715D85 /* PDBAreaListVC.swift */; };
		84AA174B1ED2365800715D85 /* Area.swift in Sources */ = {isa = PBXBuildFile; fileRef = 84AA17491ED2365800715D85 /* Area.swift */; };
		84AA174E1ED23B1900715D85 /* PDBCreateAreaVC.swift in Sources */ = {isa = PBXBuildFile; fileRef = 84AA174D1ED23B1900715D85 /* PDBCreateAreaVC.swift */; };
		84AA17511ED23DB000715D85 /* Category.swift in Sources */ = {isa = PBXBuildFile; fileRef = 84AA174F1ED23DB000715D85 /* Category.swift */; };
		84AA17541ED23E4200715D85 /* PDBCategoryListVC.swift in Sources */ = {isa = PBXBuildFile; fileRef = 84AA17531ED23E4200715D85 /* PDBCategoryListVC.swift */; };
		84AA17561ED23FB200715D85 /* PDBCreateCategoryVC.swift in Sources */ = {isa = PBXBuildFile; fileRef = 84AA17551ED23FB200715D85 /* PDBCreateCategoryVC.swift */; };
		84AA17591ED2444700715D85 /* Product.swift in Sources */ = {isa = PBXBuildFile; fileRef = 84AA17571ED2444700715D85 /* Product.swift */; };
		84D0AA8A1ECCDEAF00DCBCF1 /* AppDelegate.swift in Sources */ = {isa = PBXBuildFile; fileRef = 84D0AA891ECCDEAF00DCBCF1 /* AppDelegate.swift */; };
		84D0AA8F1ECCDEAF00DCBCF1 /* Main.storyboard in Resources */ = {isa = PBXBuildFile; fileRef = 84D0AA8D1ECCDEAF00DCBCF1 /* Main.storyboard */; };
		84D0AA911ECCDEAF00DCBCF1 /* Assets.xcassets in Resources */ = {isa = PBXBuildFile; fileRef = 84D0AA901ECCDEAF00DCBCF1 /* Assets.xcassets */; };
		84D0AA941ECCDEAF00DCBCF1 /* LaunchScreen.storyboard in Resources */ = {isa = PBXBuildFile; fileRef = 84D0AA921ECCDEAF00DCBCF1 /* LaunchScreen.storyboard */; };
		84D0AA9D1ECCFCD100DCBCF1 /* PDBMainMenuVC.swift in Sources */ = {isa = PBXBuildFile; fileRef = 84D0AA9C1ECCFCD100DCBCF1 /* PDBMainMenuVC.swift */; };
		84D0AAA21ECCFDEA00DCBCF1 /* PDBMenuCell.swift in Sources */ = {isa = PBXBuildFile; fileRef = 84D0AAA11ECCFDEA00DCBCF1 /* PDBMenuCell.swift */; };
		84D0AAA41ECCFE1000DCBCF1 /* PDBMenuCell.xib in Resources */ = {isa = PBXBuildFile; fileRef = 84D0AAA31ECCFE1000DCBCF1 /* PDBMenuCell.xib */; };
		84D0AAA71ECD755600DCBCF1 /* CoreDataStack.swift in Sources */ = {isa = PBXBuildFile; fileRef = 84D0AAA61ECD755600DCBCF1 /* CoreDataStack.swift */; };
		84D0AAAA1ECD756900DCBCF1 /* EtnoShop.xcdatamodeld in Sources */ = {isa = PBXBuildFile; fileRef = 84D0AAA81ECD756900DCBCF1 /* EtnoShop.xcdatamodeld */; };
		84D0AAAD1ECD760500DCBCF1 /* CoreDataManager.swift in Sources */ = {isa = PBXBuildFile; fileRef = 84D0AAAC1ECD760500DCBCF1 /* CoreDataManager.swift */; };
		84D0AAC91ED05DD900DCBCF1 /* Employee.swift in Sources */ = {isa = PBXBuildFile; fileRef = 84D0AAC71ED05DD900DCBCF1 /* Employee.swift */; };
		84D0AAD11ED0615E00DCBCF1 /* Bonus.swift in Sources */ = {isa = PBXBuildFile; fileRef = 84D0AACF1ED0615E00DCBCF1 /* Bonus.swift */; };
		84D0AAD51ED0F1FA00DCBCF1 /* PDBEmployeeListVC.swift in Sources */ = {isa = PBXBuildFile; fileRef = 84D0AAD41ED0F1FA00DCBCF1 /* PDBEmployeeListVC.swift */; };
		84D0AAD71ED0F55A00DCBCF1 /* Employees.storyboard in Resources */ = {isa = PBXBuildFile; fileRef = 84D0AAD61ED0F55A00DCBCF1 /* Employees.storyboard */; };
		84D0AAD91ED16E1400DCBCF1 /* PDBEmployeeCreatorVC.swift in Sources */ = {isa = PBXBuildFile; fileRef = 84D0AAD81ED16E1400DCBCF1 /* PDBEmployeeCreatorVC.swift */; };
		84D0AADC1ED1E98300DCBCF1 /* PDBBonusListVC.swift in Sources */ = {isa = PBXBuildFile; fileRef = 84D0AADB1ED1E98300DCBCF1 /* PDBBonusListVC.swift */; };
		84D770CC1ED37D6200B3F3F3 /* PDBProductListVC.swift in Sources */ = {isa = PBXBuildFile; fileRef = 84D770CB1ED37D6200B3F3F3 /* PDBProductListVC.swift */; };
		84D770CE1ED37F7A00B3F3F3 /* PDBProductCreatorVC.swift in Sources */ = {isa = PBXBuildFile; fileRef = 84D770CD1ED37F7A00B3F3F3 /* PDBProductCreatorVC.swift */; };
/* End PBXBuildFile section */

/* Begin PBXFileReference section */
		84AA17341ED1F49200715D85 /* PDBBonusCreatorVC.swift */ = {isa = PBXFileReference; fileEncoding = 4; lastKnownFileType = sourcecode.swift; name = PDBBonusCreatorVC.swift; path = Controllers/Employees/PDBBonusCreatorVC.swift; sourceTree = "<group>"; };
		84AA17371ED1FDE700715D85 /* AdditionalSettings.storyboard */ = {isa = PBXFileReference; fileEncoding = 4; lastKnownFileType = file.storyboard; name = AdditionalSettings.storyboard; path = Controllers/AdditionalSettings/AdditionalSettings.storyboard; sourceTree = "<group>"; };
		84AA17391ED201DD00715D85 /* PDBAdditionalSettingsVC.swift */ = {isa = PBXFileReference; fileEncoding = 4; lastKnownFileType = sourcecode.swift; name = PDBAdditionalSettingsVC.swift; path = Controllers/AdditionalSettings/PDBAdditionalSettingsVC.swift; sourceTree = "<group>"; };
		84AA173B1ED2089E00715D85 /* PDBSizesVC.swift */ = {isa = PBXFileReference; fileEncoding = 4; lastKnownFileType = sourcecode.swift; name = PDBSizesVC.swift; path = Controllers/AdditionalSettings/PDBSizesVC.swift; sourceTree = "<group>"; };
		84AA173D1ED20AAE00715D85 /* Size.swift */ = {isa = PBXFileReference; fileEncoding = 4; lastKnownFileType = sourcecode.swift; name = Size.swift; path = Models/Size.swift; sourceTree = "<group>"; };
		84AA17411ED213D700715D85 /* PDBCreateSizeVC.swift */ = {isa = PBXFileReference; fileEncoding = 4; lastKnownFileType = sourcecode.swift; name = PDBCreateSizeVC.swift; path = Controllers/AdditionalSettings/PDBCreateSizeVC.swift; sourceTree = "<group>"; };
		84AA17431ED2339A00715D85 /* PDBAreaListVC.swift */ = {isa = PBXFileReference; fileEncoding = 4; lastKnownFileType = sourcecode.swift; name = PDBAreaListVC.swift; path = Controllers/AdditionalSettings/PDBAreaListVC.swift; sourceTree = "<group>"; };
		84AA17491ED2365800715D85 /* Area.swift */ = {isa = PBXFileReference; fileEncoding = 4; lastKnownFileType = sourcecode.swift; name = Area.swift; path = Models/Area.swift; sourceTree = "<group>"; };
		84AA174D1ED23B1900715D85 /* PDBCreateAreaVC.swift */ = {isa = PBXFileReference; fileEncoding = 4; lastKnownFileType = sourcecode.swift; name = PDBCreateAreaVC.swift; path = Controllers/AdditionalSettings/PDBCreateAreaVC.swift; sourceTree = "<group>"; };
		84AA174F1ED23DB000715D85 /* Category.swift */ = {isa = PBXFileReference; fileEncoding = 4; lastKnownFileType = sourcecode.swift; name = Category.swift; path = Models/Category.swift; sourceTree = "<group>"; };
		84AA17531ED23E4200715D85 /* PDBCategoryListVC.swift */ = {isa = PBXFileReference; fileEncoding = 4; lastKnownFileType = sourcecode.swift; name = PDBCategoryListVC.swift; path = Controllers/AdditionalSettings/PDBCategoryListVC.swift; sourceTree = "<group>"; };
		84AA17551ED23FB200715D85 /* PDBCreateCategoryVC.swift */ = {isa = PBXFileReference; fileEncoding = 4; lastKnownFileType = sourcecode.swift; name = PDBCreateCategoryVC.swift; path = Controllers/AdditionalSettings/PDBCreateCategoryVC.swift; sourceTree = "<group>"; };
		84AA17571ED2444700715D85 /* Product.swift */ = {isa = PBXFileReference; fileEncoding = 4; lastKnownFileType = sourcecode.swift; name = Product.swift; path = Models/Product.swift; sourceTree = "<group>"; };
		84D0AA861ECCDEAF00DCBCF1 /* EtnoShop.app */ = {isa = PBXFileReference; explicitFileType = wrapper.application; includeInIndex = 0; path = EtnoShop.app; sourceTree = BUILT_PRODUCTS_DIR; };
		84D0AA891ECCDEAF00DCBCF1 /* AppDelegate.swift */ = {isa = PBXFileReference; lastKnownFileType = sourcecode.swift; path = AppDelegate.swift; sourceTree = "<group>"; };
		84D0AA8E1ECCDEAF00DCBCF1 /* Base */ = {isa = PBXFileReference; lastKnownFileType = file.storyboard; name = Base; path = Base.lproj/Main.storyboard; sourceTree = "<group>"; };
		84D0AA901ECCDEAF00DCBCF1 /* Assets.xcassets */ = {isa = PBXFileReference; lastKnownFileType = folder.assetcatalog; path = Assets.xcassets; sourceTree = "<group>"; };
		84D0AA931ECCDEAF00DCBCF1 /* Base */ = {isa = PBXFileReference; lastKnownFileType = file.storyboard; name = Base; path = Base.lproj/LaunchScreen.storyboard; sourceTree = "<group>"; };
		84D0AA951ECCDEAF00DCBCF1 /* Info.plist */ = {isa = PBXFileReference; lastKnownFileType = text.plist.xml; path = Info.plist; sourceTree = "<group>"; };
		84D0AA9C1ECCFCD100DCBCF1 /* PDBMainMenuVC.swift */ = {isa = PBXFileReference; fileEncoding = 4; lastKnownFileType = sourcecode.swift; name = PDBMainMenuVC.swift; path = Controllers/PDBMainMenuVC.swift; sourceTree = "<group>"; };
		84D0AAA11ECCFDEA00DCBCF1 /* PDBMenuCell.swift */ = {isa = PBXFileReference; fileEncoding = 4; lastKnownFileType = sourcecode.swift; name = PDBMenuCell.swift; path = Views/PDBMenuCell.swift; sourceTree = "<group>"; };
		84D0AAA31ECCFE1000DCBCF1 /* PDBMenuCell.xib */ = {isa = PBXFileReference; fileEncoding = 4; lastKnownFileType = file.xib; name = PDBMenuCell.xib; path = Views/PDBMenuCell.xib; sourceTree = "<group>"; };
		84D0AAA61ECD755600DCBCF1 /* CoreDataStack.swift */ = {isa = PBXFileReference; fileEncoding = 4; lastKnownFileType = sourcecode.swift; name = CoreDataStack.swift; path = CoreData/CoreDataStack.swift; sourceTree = "<group>"; };
		84D0AAA91ECD756900DCBCF1 /* EtnoShop.xcdatamodel */ = {isa = PBXFileReference; lastKnownFileType = wrapper.xcdatamodel; path = EtnoShop.xcdatamodel; sourceTree = "<group>"; };
		84D0AAAC1ECD760500DCBCF1 /* CoreDataManager.swift */ = {isa = PBXFileReference; fileEncoding = 4; lastKnownFileType = sourcecode.swift; name = CoreDataManager.swift; path = Managers/CoreDataManager.swift; sourceTree = "<group>"; };
		84D0AAC71ED05DD900DCBCF1 /* Employee.swift */ = {isa = PBXFileReference; fileEncoding = 4; lastKnownFileType = sourcecode.swift; name = Employee.swift; path = Models/Employee.swift; sourceTree = "<group>"; };
		84D0AACF1ED0615E00DCBCF1 /* Bonus.swift */ = {isa = PBXFileReference; fileEncoding = 4; lastKnownFileType = sourcecode.swift; name = Bonus.swift; path = Models/Bonus.swift; sourceTree = "<group>"; };
		84D0AAD41ED0F1FA00DCBCF1 /* PDBEmployeeListVC.swift */ = {isa = PBXFileReference; fileEncoding = 4; lastKnownFileType = sourcecode.swift; name = PDBEmployeeListVC.swift; path = Controllers/Employees/PDBEmployeeListVC.swift; sourceTree = "<group>"; };
		84D0AAD61ED0F55A00DCBCF1 /* Employees.storyboard */ = {isa = PBXFileReference; fileEncoding = 4; lastKnownFileType = file.storyboard; name = Employees.storyboard; path = Controllers/Employees/Employees.storyboard; sourceTree = "<group>"; };
		84D0AAD81ED16E1400DCBCF1 /* PDBEmployeeCreatorVC.swift */ = {isa = PBXFileReference; fileEncoding = 4; lastKnownFileType = sourcecode.swift; name = PDBEmployeeCreatorVC.swift; path = Controllers/Employees/PDBEmployeeCreatorVC.swift; sourceTree = "<group>"; };
		84D0AADB1ED1E98300DCBCF1 /* PDBBonusListVC.swift */ = {isa = PBXFileReference; fileEncoding = 4; lastKnownFileType = sourcecode.swift; name = PDBBonusListVC.swift; path = Controllers/Employees/PDBBonusListVC.swift; sourceTree = "<group>"; };
		84D770CB1ED37D6200B3F3F3 /* PDBProductListVC.swift */ = {isa = PBXFileReference; fileEncoding = 4; lastKnownFileType = sourcecode.swift; name = PDBProductListVC.swift; path = Controllers/AdditionalSettings/PDBProductListVC.swift; sourceTree = "<group>"; };
		84D770CD1ED37F7A00B3F3F3 /* PDBProductCreatorVC.swift */ = {isa = PBXFileReference; fileEncoding = 4; lastKnownFileType = sourcecode.swift; name = PDBProductCreatorVC.swift; path = Controllers/AdditionalSettings/PDBProductCreatorVC.swift; sourceTree = "<group>"; };
/* End PBXFileReference section */

/* Begin PBXFrameworksBuildPhase section */
		84D0AA831ECCDEAF00DCBCF1 /* Frameworks */ = {
			isa = PBXFrameworksBuildPhase;
			buildActionMask = 2147483647;
			files = (
			);
			runOnlyForDeploymentPostprocessing = 0;
		};
/* End PBXFrameworksBuildPhase section */

/* Begin PBXGroup section */
		84AA17361ED1FD7500715D85 /* AdditionalSettings */ = {
			isa = PBXGroup;
			children = (
				84AA17371ED1FDE700715D85 /* AdditionalSettings.storyboard */,
				84AA17391ED201DD00715D85 /* PDBAdditionalSettingsVC.swift */,
				84AA173B1ED2089E00715D85 /* PDBSizesVC.swift */,
				84AA17411ED213D700715D85 /* PDBCreateSizeVC.swift */,
				84AA17431ED2339A00715D85 /* PDBAreaListVC.swift */,
				84AA174D1ED23B1900715D85 /* PDBCreateAreaVC.swift */,
				84AA17531ED23E4200715D85 /* PDBCategoryListVC.swift */,
				84AA17551ED23FB200715D85 /* PDBCreateCategoryVC.swift */,
				84D770CB1ED37D6200B3F3F3 /* PDBProductListVC.swift */,
				84D770CD1ED37F7A00B3F3F3 /* PDBProductCreatorVC.swift */,
			);
			name = AdditionalSettings;
			sourceTree = "<group>";
		};
		84D0AA7D1ECCDEAF00DCBCF1 = {
			isa = PBXGroup;
			children = (
				84D0AA881ECCDEAF00DCBCF1 /* EtnoShop */,
				84D0AA871ECCDEAF00DCBCF1 /* Products */,
			);
			sourceTree = "<group>";
		};
		84D0AA871ECCDEAF00DCBCF1 /* Products */ = {
			isa = PBXGroup;
			children = (
				84D0AA861ECCDEAF00DCBCF1 /* EtnoShop.app */,
			);
			name = Products;
			sourceTree = "<group>";
		};
		84D0AA881ECCDEAF00DCBCF1 /* EtnoShop */ = {
			isa = PBXGroup;
			children = (
				84D0AAAE1ECD787400DCBCF1 /* Models */,
				84D0AAAB1ECD75E100DCBCF1 /* Managers */,
				84D0AAA51ECD754800DCBCF1 /* CoreData */,
				84D0AA9E1ECCFD7700DCBCF1 /* Views */,
				84D0AA9B1ECCFB9E00DCBCF1 /* Controllers */,
				84D0AA891ECCDEAF00DCBCF1 /* AppDelegate.swift */,
				84D0AA8D1ECCDEAF00DCBCF1 /* Main.storyboard */,
				84D0AA901ECCDEAF00DCBCF1 /* Assets.xcassets */,
				84D0AA921ECCDEAF00DCBCF1 /* LaunchScreen.storyboard */,
				84D0AA951ECCDEAF00DCBCF1 /* Info.plist */,
			);
			path = EtnoShop;
			sourceTree = "<group>";
		};
		84D0AA9B1ECCFB9E00DCBCF1 /* Controllers */ = {
			isa = PBXGroup;
			children = (
				84AA17361ED1FD7500715D85 /* AdditionalSettings */,
				84D0AAD31ED0F1C600DCBCF1 /* Employees */,
				84D0AA9C1ECCFCD100DCBCF1 /* PDBMainMenuVC.swift */,
			);
			name = Controllers;
			sourceTree = "<group>";
		};
		84D0AA9E1ECCFD7700DCBCF1 /* Views */ = {
			isa = PBXGroup;
			children = (
				84D0AAA11ECCFDEA00DCBCF1 /* PDBMenuCell.swift */,
				84D0AAA31ECCFE1000DCBCF1 /* PDBMenuCell.xib */,
			);
			name = Views;
			sourceTree = "<group>";
		};
		84D0AAA51ECD754800DCBCF1 /* CoreData */ = {
			isa = PBXGroup;
			children = (
				84D0AAA61ECD755600DCBCF1 /* CoreDataStack.swift */,
				84D0AAA81ECD756900DCBCF1 /* EtnoShop.xcdatamodeld */,
			);
			name = CoreData;
			sourceTree = "<group>";
		};
		84D0AAAB1ECD75E100DCBCF1 /* Managers */ = {
			isa = PBXGroup;
			children = (
				84D0AAAC1ECD760500DCBCF1 /* CoreDataManager.swift */,
			);
			name = Managers;
			sourceTree = "<group>";
		};
		84D0AAAE1ECD787400DCBCF1 /* Models */ = {
			isa = PBXGroup;
			children = (
				84AA17571ED2444700715D85 /* Product.swift */,
				84AA174F1ED23DB000715D85 /* Category.swift */,
				84AA17491ED2365800715D85 /* Area.swift */,
				84D0AACF1ED0615E00DCBCF1 /* Bonus.swift */,
				84D0AAC71ED05DD900DCBCF1 /* Employee.swift */,
				84AA173D1ED20AAE00715D85 /* Size.swift */,
			);
			name = Models;
			sourceTree = "<group>";
		};
		84D0AAD31ED0F1C600DCBCF1 /* Employees */ = {
			isa = PBXGroup;
			children = (
				84D0AAD61ED0F55A00DCBCF1 /* Employees.storyboard */,
				84D0AAD41ED0F1FA00DCBCF1 /* PDBEmployeeListVC.swift */,
				84D0AAD81ED16E1400DCBCF1 /* PDBEmployeeCreatorVC.swift */,
				84D0AADB1ED1E98300DCBCF1 /* PDBBonusListVC.swift */,
				84AA17341ED1F49200715D85 /* PDBBonusCreatorVC.swift */,
			);
			name = Employees;
			sourceTree = "<group>";
		};
/* End PBXGroup section */

/* Begin PBXNativeTarget section */
		84D0AA851ECCDEAF00DCBCF1 /* EtnoShop */ = {
			isa = PBXNativeTarget;
			buildConfigurationList = 84D0AA981ECCDEAF00DCBCF1 /* Build configuration list for PBXNativeTarget "EtnoShop" */;
			buildPhases = (
				84D0AA821ECCDEAF00DCBCF1 /* Sources */,
				84D0AA831ECCDEAF00DCBCF1 /* Frameworks */,
				84D0AA841ECCDEAF00DCBCF1 /* Resources */,
			);
			buildRules = (
			);
			dependencies = (
			);
			name = EtnoShop;
			productName = EtnoShop;
			productReference = 84D0AA861ECCDEAF00DCBCF1 /* EtnoShop.app */;
			productType = "com.apple.product-type.application";
		};
/* End PBXNativeTarget section */

/* Begin PBXProject section */
		84D0AA7E1ECCDEAF00DCBCF1 /* Project object */ = {
			isa = PBXProject;
			attributes = {
				LastSwiftUpdateCheck = 0820;
				LastUpgradeCheck = 0820;
				ORGANIZATIONNAME = dashaproduction;
				TargetAttributes = {
					84D0AA851ECCDEAF00DCBCF1 = {
						CreatedOnToolsVersion = 8.2.1;
						DevelopmentTeam = L748ZMC8YR;
						ProvisioningStyle = Automatic;
					};
				};
			};
			buildConfigurationList = 84D0AA811ECCDEAF00DCBCF1 /* Build configuration list for PBXProject "EtnoShop" */;
			compatibilityVersion = "Xcode 3.2";
			developmentRegion = English;
			hasScannedForEncodings = 0;
			knownRegions = (
				en,
				Base,
			);
			mainGroup = 84D0AA7D1ECCDEAF00DCBCF1;
			productRefGroup = 84D0AA871ECCDEAF00DCBCF1 /* Products */;
			projectDirPath = "";
			projectRoot = "";
			targets = (
				84D0AA851ECCDEAF00DCBCF1 /* EtnoShop */,
			);
		};
/* End PBXProject section */

/* Begin PBXResourcesBuildPhase section */
		84D0AA841ECCDEAF00DCBCF1 /* Resources */ = {
			isa = PBXResourcesBuildPhase;
			buildActionMask = 2147483647;
			files = (
				84AA17381ED1FDE700715D85 /* AdditionalSettings.storyboard in Resources */,
				84D0AA941ECCDEAF00DCBCF1 /* LaunchScreen.storyboard in Resources */,
				84D0AA911ECCDEAF00DCBCF1 /* Assets.xcassets in Resources */,
				84D0AA8F1ECCDEAF00DCBCF1 /* Main.storyboard in Resources */,
				84D0AAA41ECCFE1000DCBCF1 /* PDBMenuCell.xib in Resources */,
				84D0AAD71ED0F55A00DCBCF1 /* Employees.storyboard in Resources */,
			);
			runOnlyForDeploymentPostprocessing = 0;
		};
/* End PBXResourcesBuildPhase section */

/* Begin PBXSourcesBuildPhase section */
		84D0AA821ECCDEAF00DCBCF1 /* Sources */ = {
			isa = PBXSourcesBuildPhase;
			buildActionMask = 2147483647;
			files = (
				84AA173C1ED2089E00715D85 /* PDBSizesVC.swift in Sources */,
				84D0AAAD1ECD760500DCBCF1 /* CoreDataManager.swift in Sources */,
				84AA17541ED23E4200715D85 /* PDBCategoryListVC.swift in Sources */,
				84AA174B1ED2365800715D85 /* Area.swift in Sources */,
				84D0AA9D1ECCFCD100DCBCF1 /* PDBMainMenuVC.swift in Sources */,
				84AA17561ED23FB200715D85 /* PDBCreateCategoryVC.swift in Sources */,
				84D0AAA21ECCFDEA00DCBCF1 /* PDBMenuCell.swift in Sources */,
				84AA173A1ED201DD00715D85 /* PDBAdditionalSettingsVC.swift in Sources */,
				84AA17441ED2339A00715D85 /* PDBAreaListVC.swift in Sources */,
				84D0AA8A1ECCDEAF00DCBCF1 /* AppDelegate.swift in Sources */,
				84AA17351ED1F49200715D85 /* PDBBonusCreatorVC.swift in Sources */,
				84D0AAAA1ECD756900DCBCF1 /* EtnoShop.xcdatamodeld in Sources */,
				84D770CE1ED37F7A00B3F3F3 /* PDBProductCreatorVC.swift in Sources */,
				84D0AAD51ED0F1FA00DCBCF1 /* PDBEmployeeListVC.swift in Sources */,
				84D770CC1ED37D6200B3F3F3 /* PDBProductListVC.swift in Sources */,
				84D0AAD91ED16E1400DCBCF1 /* PDBEmployeeCreatorVC.swift in Sources */,
				84D0AAC91ED05DD900DCBCF1 /* Employee.swift in Sources */,
				84AA17511ED23DB000715D85 /* Category.swift in Sources */,
				84D0AAA71ECD755600DCBCF1 /* CoreDataStack.swift in Sources */,
				84D0AAD11ED0615E00DCBCF1 /* Bonus.swift in Sources */,
				84AA174E1ED23B1900715D85 /* PDBCreateAreaVC.swift in Sources */,
				84AA17591ED2444700715D85 /* Product.swift in Sources */,
				84D0AADC1ED1E98300DCBCF1 /* PDBBonusListVC.swift in Sources */,
				84AA17421ED213D700715D85 /* PDBCreateSizeVC.swift in Sources */,
				84AA173F1ED20AAE00715D85 /* Size.swift in Sources */,
			);
			runOnlyForDeploymentPostprocessing = 0;
		};
/* End PBXSourcesBuildPhase section */

/* Begin PBXVariantGroup section */
		84D0AA8D1ECCDEAF00DCBCF1 /* Main.storyboard */ = {
			isa = PBXVariantGroup;
			children = (
				84D0AA8E1ECCDEAF00DCBCF1 /* Base */,
			);
			name = Main.storyboard;
			sourceTree = "<group>";
		};
		84D0AA921ECCDEAF00DCBCF1 /* LaunchScreen.storyboard */ = {
			isa = PBXVariantGroup;
			children = (
				84D0AA931ECCDEAF00DCBCF1 /* Base */,
			);
			name = LaunchScreen.storyboard;
			sourceTree = "<group>";
		};
/* End PBXVariantGroup section */

/* Begin XCBuildConfiguration section */
		84D0AA961ECCDEAF00DCBCF1 /* Debug */ = {
			isa = XCBuildConfiguration;
			buildSettings = {
				ALWAYS_SEARCH_USER_PATHS = NO;
				CLANG_ANALYZER_NONNULL = YES;
				CLANG_CXX_LANGUAGE_STANDARD = "gnu++0x";
				CLANG_CXX_LIBRARY = "libc++";
				CLANG_ENABLE_MODULES = YES;
				CLANG_ENABLE_OBJC_ARC = YES;
				CLANG_WARN_BOOL_CONVERSION = YES;
				CLANG_WARN_CONSTANT_CONVERSION = YES;
				CLANG_WARN_DIRECT_OBJC_ISA_USAGE = YES_ERROR;
				CLANG_WARN_DOCUMENTATION_COMMENTS = YES;
				CLANG_WARN_EMPTY_BODY = YES;
				CLANG_WARN_ENUM_CONVERSION = YES;
				CLANG_WARN_INFINITE_RECURSION = YES;
				CLANG_WARN_INT_CONVERSION = YES;
				CLANG_WARN_OBJC_ROOT_CLASS = YES_ERROR;
				CLANG_WARN_SUSPICIOUS_MOVE = YES;
				CLANG_WARN_UNREACHABLE_CODE = YES;
				CLANG_WARN__DUPLICATE_METHOD_MATCH = YES;
				CODE_SIGN_IDENTITY = "iPhone Developer";
				"CODE_SIGN_IDENTITY[sdk=iphoneos*]" = "iPhone Developer";
				COPY_PHASE_STRIP = NO;
				DEBUG_INFORMATION_FORMAT = dwarf;
				DEVELOPMENT_TEAM = L748ZMC8YR;
				ENABLE_STRICT_OBJC_MSGSEND = YES;
				ENABLE_TESTABILITY = YES;
				GCC_C_LANGUAGE_STANDARD = gnu99;
				GCC_DYNAMIC_NO_PIC = NO;
				GCC_NO_COMMON_BLOCKS = YES;
				GCC_OPTIMIZATION_LEVEL = 0;
				GCC_PREPROCESSOR_DEFINITIONS = (
					"DEBUG=1",
					"$(inherited)",
				);
				GCC_WARN_64_TO_32_BIT_CONVERSION = YES;
				GCC_WARN_ABOUT_RETURN_TYPE = YES_ERROR;
				GCC_WARN_UNDECLARED_SELECTOR = YES;
				GCC_WARN_UNINITIALIZED_AUTOS = YES_AGGRESSIVE;
				GCC_WARN_UNUSED_FUNCTION = YES;
				GCC_WARN_UNUSED_VARIABLE = YES;
				IPHONEOS_DEPLOYMENT_TARGET = 10.2;
				MTL_ENABLE_DEBUG_INFO = YES;
				ONLY_ACTIVE_ARCH = YES;
				SDKROOT = iphoneos;
				SWIFT_ACTIVE_COMPILATION_CONDITIONS = DEBUG;
				SWIFT_OPTIMIZATION_LEVEL = "-Onone";
			};
			name = Debug;
		};
		84D0AA971ECCDEAF00DCBCF1 /* Release */ = {
			isa = XCBuildConfiguration;
			buildSettings = {
				ALWAYS_SEARCH_USER_PATHS = NO;
				CLANG_ANALYZER_NONNULL = YES;
				CLANG_CXX_LANGUAGE_STANDARD = "gnu++0x";
				CLANG_CXX_LIBRARY = "libc++";
				CLANG_ENABLE_MODULES = YES;
				CLANG_ENABLE_OBJC_ARC = YES;
				CLANG_WARN_BOOL_CONVERSION = YES;
				CLANG_WARN_CONSTANT_CONVERSION = YES;
				CLANG_WARN_DIRECT_OBJC_ISA_USAGE = YES_ERROR;
				CLANG_WARN_DOCUMENTATION_COMMENTS = YES;
				CLANG_WARN_EMPTY_BODY = YES;
				CLANG_WARN_ENUM_CONVERSION = YES;
				CLANG_WARN_INFINITE_RECURSION = YES;
				CLANG_WARN_INT_CONVERSION = YES;
				CLANG_WARN_OBJC_ROOT_CLASS = YES_ERROR;
				CLANG_WARN_SUSPICIOUS_MOVE = YES;
				CLANG_WARN_UNREACHABLE_CODE = YES;
				CLANG_WARN__DUPLICATE_METHOD_MATCH = YES;
				CODE_SIGN_IDENTITY = "iPhone Developer";
				"CODE_SIGN_IDENTITY[sdk=iphoneos*]" = "iPhone Developer";
				COPY_PHASE_STRIP = NO;
				DEBUG_INFORMATION_FORMAT = "dwarf-with-dsym";
				DEVELOPMENT_TEAM = L748ZMC8YR;
				ENABLE_NS_ASSERTIONS = NO;
				ENABLE_STRICT_OBJC_MSGSEND = YES;
				GCC_C_LANGUAGE_STANDARD = gnu99;
				GCC_NO_COMMON_BLOCKS = YES;
				GCC_WARN_64_TO_32_BIT_CONVERSION = YES;
				GCC_WARN_ABOUT_RETURN_TYPE = YES_ERROR;
				GCC_WARN_UNDECLARED_SELECTOR = YES;
				GCC_WARN_UNINITIALIZED_AUTOS = YES_AGGRESSIVE;
				GCC_WARN_UNUSED_FUNCTION = YES;
				GCC_WARN_UNUSED_VARIABLE = YES;
				IPHONEOS_DEPLOYMENT_TARGET = 10.2;
				MTL_ENABLE_DEBUG_INFO = NO;
				SDKROOT = iphoneos;
				SWIFT_OPTIMIZATION_LEVEL = "-Owholemodule";
				VALIDATE_PRODUCT = YES;
			};
			name = Release;
		};
		84D0AA991ECCDEAF00DCBCF1 /* Debug */ = {
			isa = XCBuildConfiguration;
			buildSettings = {
				ASSETCATALOG_COMPILER_APPICON_NAME = AppIcon;
				CODE_SIGN_IDENTITY = "iPhone Developer";
				"CODE_SIGN_IDENTITY[sdk=iphoneos*]" = "iPhone Developer";
				DEVELOPMENT_TEAM = L748ZMC8YR;
				INFOPLIST_FILE = EtnoShop/Info.plist;
				IPHONEOS_DEPLOYMENT_TARGET = 9.1;
				LD_RUNPATH_SEARCH_PATHS = "$(inherited) @executable_path/Frameworks";
				PRODUCT_BUNDLE_IDENTIFIER = dashaproduction.EtnoShop;
				PRODUCT_NAME = "$(TARGET_NAME)";
				PROVISIONING_PROFILE = "";
				PROVISIONING_PROFILE_SPECIFIER = "";
				SWIFT_VERSION = 3.0;
			};
			name = Debug;
		};
		84D0AA9A1ECCDEAF00DCBCF1 /* Release */ = {
			isa = XCBuildConfiguration;
			buildSettings = {
				ASSETCATALOG_COMPILER_APPICON_NAME = AppIcon;
				CODE_SIGN_IDENTITY = "iPhone Developer";
				"CODE_SIGN_IDENTITY[sdk=iphoneos*]" = "iPhone Developer";
				DEVELOPMENT_TEAM = L748ZMC8YR;
				INFOPLIST_FILE = EtnoShop/Info.plist;
				IPHONEOS_DEPLOYMENT_TARGET = 9.1;
				LD_RUNPATH_SEARCH_PATHS = "$(inherited) @executable_path/Frameworks";
				PRODUCT_BUNDLE_IDENTIFIER = dashaproduction.EtnoShop;
				PRODUCT_NAME = "$(TARGET_NAME)";
				SWIFT_VERSION = 3.0;
			};
			name = Release;
		};
/* End XCBuildConfiguration section */

/* Begin XCConfigurationList section */
		84D0AA811ECCDEAF00DCBCF1 /* Build configuration list for PBXProject "EtnoShop" */ = {
			isa = XCConfigurationList;
			buildConfigurations = (
				84D0AA961ECCDEAF00DCBCF1 /* Debug */,
				84D0AA971ECCDEAF00DCBCF1 /* Release */,
			);
			defaultConfigurationIsVisible = 0;
			defaultConfigurationName = Release;
		};
		84D0AA981ECCDEAF00DCBCF1 /* Build configuration list for PBXNativeTarget "EtnoShop" */ = {
			isa = XCConfigurationList;
			buildConfigurations = (
				84D0AA991ECCDEAF00DCBCF1 /* Debug */,
				84D0AA9A1ECCDEAF00DCBCF1 /* Release */,
			);
			defaultConfigurationIsVisible = 0;
			defaultConfigurationName = Release;
		};
/* End XCConfigurationList section */

/* Begin XCVersionGroup section */
		84D0AAA81ECD756900DCBCF1 /* EtnoShop.xcdatamodeld */ = {
			isa = XCVersionGroup;
			children = (
				84D0AAA91ECD756900DCBCF1 /* EtnoShop.xcdatamodel */,
			);
			currentVersion = 84D0AAA91ECD756900DCBCF1 /* EtnoShop.xcdatamodel */;
			name = EtnoShop.xcdatamodeld;
			path = CoreData/EtnoShop.xcdatamodeld;
			sourceTree = "<group>";
			versionGroupType = wrapper.xcdatamodel;
		};
/* End XCVersionGroup section */
	};
	rootObject = 84D0AA7E1ECCDEAF00DCBCF1 /* Project object */;
}
